
Microsoft Visual Studio Solution File, Format Version 12.00
# Visual Studio 15
VisualStudioVersion = 15.0.28307.539
MinimumVisualStudioVersion = 10.0.40219.1
Project("{FAE04EC0-301F-11D3-BF4B-00C04F79EFBC}") = "AppLifecycleTutorial.Android", "AppLifecycleTutorial\AppLifecycleTutorial.Android\AppLifecycleTutorial.Android.csproj", "{862556E9-CF83-413C-B96F-FA9A23E40319}"
EndProject
Project("{FAE04EC0-301F-11D3-BF4B-00C04F79EFBC}") = "AppLifecycleTutorial.iOS", "AppLifecycleTutorial\AppLifecycleTutorial.iOS\AppLifecycleTutorial.iOS.csproj", "{5CA17D75-10D9-4BE5-88C4-740423602ECD}"
EndProject
Project("{FAE04EC0-301F-11D3-BF4B-00C04F79EFBC}") = "AppLifecycleTutorial", "AppLifecycleTutorial\AppLifecycleTutorial\AppLifecycleTutorial.csproj", "{C84E7F77-E653-40EA-8481-A3F1B8FC1CB1}"
EndProject
Global
	GlobalSection(SolutionConfigurationPlatforms) = preSolution
		Ad-Hoc|Any CPU = Ad-Hoc|Any CPU
		Ad-Hoc|iPhone = Ad-Hoc|iPhone
		Ad-Hoc|iPhoneSimulator = Ad-Hoc|iPhoneSimulator
		AppStore|Any CPU = AppStore|Any CPU
		AppStore|iPhone = AppStore|iPhone
		AppStore|iPhoneSimulator = AppStore|iPhoneSimulator
		Debug|Any CPU = Debug|Any CPU
		Debug|iPhone = Debug|iPhone
		Debug|iPhoneSimulator = Debug|iPhoneSimulator
		Release|Any CPU = Release|Any CPU
		Release|iPhone = Release|iPhone
		Release|iPhoneSimulator = Release|iPhoneSimulator
	EndGlobalSection
	GlobalSection(ProjectConfigurationPlatforms) = postSolution
		{862556E9-CF83-413C-B96F-FA9A23E40319}.Ad-Hoc|Any CPU.ActiveCfg = Release|Any CPU
		{862556E9-CF83-413C-B96F-FA9A23E40319}.Ad-Hoc|Any CPU.Build.0 = Release|Any CPU
		{862556E9-CF83-413C-B96F-FA9A23E40319}.Ad-Hoc|Any CPU.Deploy.0 = Release|Any CPU
		{862556E9-CF83-413C-B96F-FA9A23E40319}.Ad-Hoc|iPhone.ActiveCfg = Release|Any CPU
		{862556E9-CF83-413C-B96F-FA9A23E40319}.Ad-Hoc|iPhone.Build.0 = Release|Any CPU
		{862556E9-CF83-413C-B96F-FA9A23E40319}.Ad-Hoc|iPhone.Deploy.0 = Release|Any CPU
		{862556E9-CF83-413C-B96F-FA9A23E40319}.Ad-Hoc|iPhoneSimulator.ActiveCfg = Release|Any CPU
		{862556E9-CF83-413C-B96F-FA9A23E40319}.Ad-Hoc|iPhoneSimulator.Build.0 = Release|Any CPU
		{862556E9-CF83-413C-B96F-FA9A23E40319}.Ad-Hoc|iPhoneSimulator.Deploy.0 = Release|Any CPU
		{862556E9-CF83-413C-B96F-FA9A23E40319}.AppStore|Any CPU.ActiveCfg = Release|Any CPU
		{862556E9-CF83-413C-B96F-FA9A23E40319}.AppStore|Any CPU.Build.0 = Release|Any CPU
		{862556E9-CF83-413C-B96F-FA9A23E40319}.AppStore|Any CPU.Deploy.0 = Release|Any CPU
		{862556E9-CF83-413C-B96F-FA9A23E40319}.AppStore|iPhone.ActiveCfg = Release|Any CPU
		{862556E9-CF83-413C-B96F-FA9A23E40319}.AppStore|iPhone.Build.0 = Release|Any CPU
		{862556E9-CF83-413C-B96F-FA9A23E40319}.AppStore|iPhone.Deploy.0 = Release|Any CPU
		{862556E9-CF83-413C-B96F-FA9A23E40319}.AppStore|iPhoneSimulator.ActiveCfg = Release|Any CPU
		{862556E9-CF83-413C-B96F-FA9A23E40319}.AppStore|iPhoneSimulator.Build.0 = Release|Any CPU
		{862556E9-CF83-413C-B96F-FA9A23E40319}.AppStore|iPhoneSimulator.Deploy.0 = Release|Any CPU
		{862556E9-CF83-413C-B96F-FA9A23E40319}.Debug|Any CPU.ActiveCfg = Debug|Any CPU
		{862556E9-CF83-413C-B96F-FA9A23E40319}.Debug|Any CPU.Build.0 = Debug|Any CPU
		{862556E9-CF83-413C-B96F-FA9A23E40319}.Debug|Any CPU.Deploy.0 = Debug|Any CPU
		{862556E9-CF83-413C-B96F-FA9A23E40319}.Debug|iPhone.ActiveCfg = Debug|Any CPU
		{862556E9-CF83-413C-B96F-FA9A23E40319}.Debug|iPhone.Build.0 = Debug|Any CPU
		{862556E9-CF83-413C-B96F-FA9A23E40319}.Debug|iPhone.Deploy.0 = Debug|Any CPU
		{862556E9-CF83-413C-B96F-FA9A23E40319}.Debug|iPhoneSimulator.ActiveCfg = Debug|Any CPU
		{862556E9-CF83-413C-B96F-FA9A23E40319}.Debug|iPhoneSimulator.Build.0 = Debug|Any CPU
		{862556E9-CF83-413C-B96F-FA9A23E40319}.Debug|iPhoneSimulator.Deploy.0 = Debug|Any CPU
		{862556E9-CF83-413C-B96F-FA9A23E40319}.Release|Any CPU.ActiveCfg = Release|Any CPU
		{862556E9-CF83-413C-B96F-FA9A23E40319}.Release|Any CPU.Build.0 = Release|Any CPU
		{862556E9-CF83-413C-B96F-FA9A23E40319}.Release|Any CPU.Deploy.0 = Release|Any CPU
		{862556E9-CF83-413C-B96F-FA9A23E40319}.Release|iPhone.ActiveCfg = Release|Any CPU
		{862556E9-CF83-413C-B96F-FA9A23E40319}.Release|iPhone.Build.0 = Release|Any CPU
		{862556E9-CF83-413C-B96F-FA9A23E40319}.Release|iPhone.Deploy.0 = Release|Any CPU
		{862556E9-CF83-413C-B96F-FA9A23E40319}.Release|iPhoneSimulator.ActiveCfg = Release|Any CPU
		{862556E9-CF83-413C-B96F-FA9A23E40319}.Release|iPhoneSimulator.Build.0 = Release|Any CPU
		{862556E9-CF83-413C-B96F-FA9A23E40319}.Release|iPhoneSimulator.Deploy.0 = Release|Any CPU
		{5CA17D75-10D9-4BE5-88C4-740423602ECD}.Ad-Hoc|Any CPU.ActiveCfg = Ad-Hoc|iPhone
		{5CA17D75-10D9-4BE5-88C4-740423602ECD}.Ad-Hoc|Any CPU.Build.0 = Ad-Hoc|iPhone
		{5CA17D75-10D9-4BE5-88C4-740423602ECD}.Ad-Hoc|Any CPU.Deploy.0 = Ad-Hoc|iPhone
		{5CA17D75-10D9-4BE5-88C4-740423602ECD}.Ad-Hoc|iPhone.ActiveCfg = Ad-Hoc|iPhone
		{5CA17D75-10D9-4BE5-88C4-740423602ECD}.Ad-Hoc|iPhone.Build.0 = Ad-Hoc|iPhone
		{5CA17D75-10D9-4BE5-88C4-740423602ECD}.Ad-Hoc|iPhone.Deploy.0 = Ad-Hoc|iPhone
		{5CA17D75-10D9-4BE5-88C4-740423602ECD}.Ad-Hoc|iPhoneSimulator.ActiveCfg = Ad-Hoc|iPhoneSimulator
		{5CA17D75-10D9-4BE5-88C4-740423602ECD}.Ad-Hoc|iPhoneSimulator.Build.0 = Ad-Hoc|iPhoneSimulator
		{5CA17D75-10D9-4BE5-88C4-740423602ECD}.Ad-Hoc|iPhoneSimulator.Deploy.0 = Ad-Hoc|iPhoneSimulator
		{5CA17D75-10D9-4BE5-88C4-740423602ECD}.AppStore|Any CPU.ActiveCfg = AppStore|iPhone
		{5CA17D75-10D9-4BE5-88C4-740423602ECD}.AppStore|Any CPU.Build.0 = AppStore|iPhone
		{5CA17D75-10D9-4BE5-88C4-740423602ECD}.AppStore|Any CPU.Deploy.0 = AppStore|iPhone
		{5CA17D75-10D9-4BE5-88C4-740423602ECD}.AppStore|iPhone.ActiveCfg = AppStore|iPhone
		{5CA17D75-10D9-4BE5-88C4-740423602ECD}.AppStore|iPhone.Build.0 = AppStore|iPhone
		{5CA17D75-10D9-4BE5-88C4-740423602ECD}.AppStore|iPhone.Deploy.0 = AppStore|iPhone
		{5CA17D75-10D9-4BE5-88C4-740423602ECD}.AppStore|iPhoneSimulator.ActiveCfg = AppStore|iPhoneSimulator
		{5CA17D75-10D9-4BE5-88C4-740423602ECD}.AppStore|iPhoneSimulator.Build.0 = AppStore|iPhoneSimulator
		{5CA17D75-10D9-4BE5-88C4-740423602ECD}.AppStore|iPhoneSimulator.Deploy.0 = AppStore|iPhoneSimulator
		{5CA17D75-10D9-4BE5-88C4-740423602ECD}.Debug|Any CPU.ActiveCfg = Debug|iPhoneSimulator
		{5CA17D75-10D9-4BE5-88C4-740423602ECD}.Debug|Any CPU.Build.0 = Debug|iPhoneSimulator
		{5CA17D75-10D9-4BE5-88C4-740423602ECD}.Debug|Any CPU.Deploy.0 = Debug|iPhoneSimulator
		{5CA17D75-10D9-4BE5-88C4-740423602ECD}.Debug|iPhone.ActiveCfg = Debug|iPhone
		{5CA17D75-10D9-4BE5-88C4-740423602ECD}.Debug|iPhone.Build.0 = Debug|iPhone
		{5CA17D75-10D9-4BE5-88C4-740423602ECD}.Debug|iPhone.Deploy.0 = Debug|iPhone
		{5CA17D75-10D9-4BE5-88C4-740423602ECD}.Debug|iPhoneSimulator.ActiveCfg = Debug|iPhoneSimulator
		{5CA17D75-10D9-4BE5-88C4-740423602ECD}.Debug|iPhoneSimulator.Build.0 = Debug|iPhoneSimulator
		{5CA17D75-10D9-4BE5-88C4-740423602ECD}.Debug|iPhoneSimulator.Deploy.0 = Debug|iPhoneSimulator
		{5CA17D75-10D9-4BE5-88C4-740423602ECD}.Release|Any CPU.ActiveCfg = Release|iPhone
		{5CA17D75-10D9-4BE5-88C4-740423602ECD}.Release|Any CPU.Build.0 = Release|iPhone
		{5CA17D75-10D9-4BE5-88C4-740423602ECD}.Release|Any CPU.Deploy.0 = Release|iPhone
		{5CA17D75-10D9-4BE5-88C4-740423602ECD}.Release|iPhone.ActiveCfg = Release|iPhone
		{5CA17D75-10D9-4BE5-88C4-740423602ECD}.Release|iPhone.Build.0 = Release|iPhone
		{5CA17D75-10D9-4BE5-88C4-740423602ECD}.Release|iPhone.Deploy.0 = Release|iPhone
		{5CA17D75-10D9-4BE5-88C4-740423602ECD}.Release|iPhoneSimulator.ActiveCfg = Release|iPhoneSimulator
		{5CA17D75-10D9-4BE5-88C4-740423602ECD}.Release|iPhoneSimulator.Build.0 = Release|iPhoneSimulator
		{5CA17D75-10D9-4BE5-88C4-740423602ECD}.Release|iPhoneSimulator.Deploy.0 = Release|iPhoneSimulator
		{C84E7F77-E653-40EA-8481-A3F1B8FC1CB1}.Ad-Hoc|Any CPU.ActiveCfg = Debug|Any CPU
		{C84E7F77-E653-40EA-8481-A3F1B8FC1CB1}.Ad-Hoc|Any CPU.Build.0 = Debug|Any CPU
		{C84E7F77-E653-40EA-8481-A3F1B8FC1CB1}.Ad-Hoc|Any CPU.Deploy.0 = Debug|Any CPU
		{C84E7F77-E653-40EA-8481-A3F1B8FC1CB1}.Ad-Hoc|iPhone.ActiveCfg = Debug|Any CPU
		{C84E7F77-E653-40EA-8481-A3F1B8FC1CB1}.Ad-Hoc|iPhone.Build.0 = Debug|Any CPU
		{C84E7F77-E653-40EA-8481-A3F1B8FC1CB1}.Ad-Hoc|iPhone.Deploy.0 = Debug|Any CPU
		{C84E7F77-E653-40EA-8481-A3F1B8FC1CB1}.Ad-Hoc|iPhoneSimulator.ActiveCfg = Debug|Any CPU
		{C84E7F77-E653-40EA-8481-A3F1B8FC1CB1}.Ad-Hoc|iPhoneSimulator.Build.0 = Debug|Any CPU
		{C84E7F77-E653-40EA-8481-A3F1B8FC1CB1}.Ad-Hoc|iPhoneSimulator.Deploy.0 = Debug|Any CPU
		{C84E7F77-E653-40EA-8481-A3F1B8FC1CB1}.AppStore|Any CPU.ActiveCfg = Debug|Any CPU
		{C84E7F77-E653-40EA-8481-A3F1B8FC1CB1}.AppStore|Any CPU.Build.0 = Debug|Any CPU
		{C84E7F77-E653-40EA-8481-A3F1B8FC1CB1}.AppStore|Any CPU.Deploy.0 = Debug|Any CPU
		{C84E7F77-E653-40EA-8481-A3F1B8FC1CB1}.AppStore|iPhone.ActiveCfg = Debug|Any CPU
		{C84E7F77-E653-40EA-8481-A3F1B8FC1CB1}.AppStore|iPhone.Build.0 = Debug|Any CPU
		{C84E7F77-E653-40EA-8481-A3F1B8FC1CB1}.AppStore|iPhone.Deploy.0 = Debug|Any CPU
		{C84E7F77-E653-40EA-8481-A3F1B8FC1CB1}.AppStore|iPhoneSimulator.ActiveCfg = Debug|Any CPU
		{C84E7F77-E653-40EA-8481-A3F1B8FC1CB1}.AppStore|iPhoneSimulator.Build.0 = Debug|Any CPU
		{C84E7F77-E653-40EA-8481-A3F1B8FC1CB1}.AppStore|iPhoneSimulator.Deploy.0 = Debug|Any CPU
		{C84E7F77-E653-40EA-8481-A3F1B8FC1CB1}.Debug|Any CPU.ActiveCfg = Debug|Any CPU
		{C84E7F77-E653-40EA-8481-A3F1B8FC1CB1}.Debug|Any CPU.Build.0 = Debug|Any CPU
		{C84E7F77-E653-40EA-8481-A3F1B8FC1CB1}.Debug|Any CPU.Deploy.0 = Debug|Any CPU
		{C84E7F77-E653-40EA-8481-A3F1B8FC1CB1}.Debug|iPhone.ActiveCfg = Debug|Any CPU
		{C84E7F77-E653-40EA-8481-A3F1B8FC1CB1}.Debug|iPhone.Build.0 = Debug|Any CPU
		{C84E7F77-E653-40EA-8481-A3F1B8FC1CB1}.Debug|iPhone.Deploy.0 = Debug|Any CPU
		{C84E7F77-E653-40EA-8481-A3F1B8FC1CB1}.Debug|iPhoneSimulator.ActiveCfg = Debug|Any CPU
		{C84E7F77-E653-40EA-8481-A3F1B8FC1CB1}.Debug|iPhoneSimulator.Build.0 = Debug|Any CPU
		{C84E7F77-E653-40EA-8481-A3F1B8FC1CB1}.Debug|iPhoneSimulator.Deploy.0 = Debug|Any CPU
		{C84E7F77-E653-40EA-8481-A3F1B8FC1CB1}.Release|Any CPU.ActiveCfg = Release|Any CPU
		{C84E7F77-E653-40EA-8481-A3F1B8FC1CB1}.Release|Any CPU.Build.0 = Release|Any CPU
		{C84E7F77-E653-40EA-8481-A3F1B8FC1CB1}.Release|Any CPU.Deploy.0 = Release|Any CPU
		{C84E7F77-E653-40EA-8481-A3F1B8FC1CB1}.Release|iPhone.ActiveCfg = Release|Any CPU
		{C84E7F77-E653-40EA-8481-A3F1B8FC1CB1}.Release|iPhone.Build.0 = Release|Any CPU
		{C84E7F77-E653-40EA-8481-A3F1B8FC1CB1}.Release|iPhone.Deploy.0 = Release|Any CPU
		{C84E7F77-E653-40EA-8481-A3F1B8FC1CB1}.Release|iPhoneSimulator.ActiveCfg = Release|Any CPU
		{C84E7F77-E653-40EA-8481-A3F1B8FC1CB1}.Release|iPhoneSimulator.Build.0 = Release|Any CPU
		{C84E7F77-E653-40EA-8481-A3F1B8FC1CB1}.Release|iPhoneSimulator.Deploy.0 = Release|Any CPU
	EndGlobalSection
	GlobalSection(SolutionProperties) = preSolution
		HideSolutionNode = FALSE
	EndGlobalSection
	GlobalSection(ExtensibilityGlobals) = postSolution
		SolutionGuid = {079F8A14-2CF1-4B2E-BDF9-7F8DE4C7277F}
	EndGlobalSection
EndGlobal
