
Microsoft Visual Studio Solution File, Format Version 12.00
# Visual Studio 15
VisualStudioVersion = 15.0.28307.539
MinimumVisualStudioVersion = 10.0.40219.1
Project("{FAE04EC0-301F-11D3-BF4B-00C04F79EFBC}") = "GridTutorial.Android", "GridTutorial\GridTutorial.Android\GridTutorial.Android.csproj", "{CC7C5281-275C-4B22-808B-513D35A13691}"
EndProject
Project("{FAE04EC0-301F-11D3-BF4B-00C04F79EFBC}") = "GridTutorial.iOS", "GridTutorial\GridTutorial.iOS\GridTutorial.iOS.csproj", "{14075E67-D1BF-4FA5-AEB9-2A6D6D77ADE8}"
EndProject
Project("{FAE04EC0-301F-11D3-BF4B-00C04F79EFBC}") = "GridTutorial", "GridTutorial\GridTutorial\GridTutorial.csproj", "{F489DBA4-CA91-441D-A4DE-01A13B9AEA89}"
EndProject
Global
	GlobalSection(SolutionConfigurationPlatforms) = preSolution
		Ad-Hoc|Any CPU = Ad-Hoc|Any CPU
		Ad-Hoc|iPhone = Ad-Hoc|iPhone
		Ad-Hoc|iPhoneSimulator = Ad-Hoc|iPhoneSimulator
		AppStore|Any CPU = AppStore|Any CPU
		AppStore|iPhone = AppStore|iPhone
		AppStore|iPhoneSimulator = AppStore|iPhoneSimulator
		Debug|Any CPU = Debug|Any CPU
		Debug|iPhone = Debug|iPhone
		Debug|iPhoneSimulator = Debug|iPhoneSimulator
		Release|Any CPU = Release|Any CPU
		Release|iPhone = Release|iPhone
		Release|iPhoneSimulator = Release|iPhoneSimulator
	EndGlobalSection
	GlobalSection(ProjectConfigurationPlatforms) = postSolution
		{CC7C5281-275C-4B22-808B-513D35A13691}.Ad-Hoc|Any CPU.ActiveCfg = Release|Any CPU
		{CC7C5281-275C-4B22-808B-513D35A13691}.Ad-Hoc|Any CPU.Build.0 = Release|Any CPU
		{CC7C5281-275C-4B22-808B-513D35A13691}.Ad-Hoc|Any CPU.Deploy.0 = Release|Any CPU
		{CC7C5281-275C-4B22-808B-513D35A13691}.Ad-Hoc|iPhone.ActiveCfg = Release|Any CPU
		{CC7C5281-275C-4B22-808B-513D35A13691}.Ad-Hoc|iPhone.Build.0 = Release|Any CPU
		{CC7C5281-275C-4B22-808B-513D35A13691}.Ad-Hoc|iPhone.Deploy.0 = Release|Any CPU
		{CC7C5281-275C-4B22-808B-513D35A13691}.Ad-Hoc|iPhoneSimulator.ActiveCfg = Release|Any CPU
		{CC7C5281-275C-4B22-808B-513D35A13691}.Ad-Hoc|iPhoneSimulator.Build.0 = Release|Any CPU
		{CC7C5281-275C-4B22-808B-513D35A13691}.Ad-Hoc|iPhoneSimulator.Deploy.0 = Release|Any CPU
		{CC7C5281-275C-4B22-808B-513D35A13691}.AppStore|Any CPU.ActiveCfg = Release|Any CPU
		{CC7C5281-275C-4B22-808B-513D35A13691}.AppStore|Any CPU.Build.0 = Release|Any CPU
		{CC7C5281-275C-4B22-808B-513D35A13691}.AppStore|Any CPU.Deploy.0 = Release|Any CPU
		{CC7C5281-275C-4B22-808B-513D35A13691}.AppStore|iPhone.ActiveCfg = Release|Any CPU
		{CC7C5281-275C-4B22-808B-513D35A13691}.AppStore|iPhone.Build.0 = Release|Any CPU
		{CC7C5281-275C-4B22-808B-513D35A13691}.AppStore|iPhone.Deploy.0 = Release|Any CPU
		{CC7C5281-275C-4B22-808B-513D35A13691}.AppStore|iPhoneSimulator.ActiveCfg = Release|Any CPU
		{CC7C5281-275C-4B22-808B-513D35A13691}.AppStore|iPhoneSimulator.Build.0 = Release|Any CPU
		{CC7C5281-275C-4B22-808B-513D35A13691}.AppStore|iPhoneSimulator.Deploy.0 = Release|Any CPU
		{CC7C5281-275C-4B22-808B-513D35A13691}.Debug|Any CPU.ActiveCfg = Debug|Any CPU
		{CC7C5281-275C-4B22-808B-513D35A13691}.Debug|Any CPU.Build.0 = Debug|Any CPU
		{CC7C5281-275C-4B22-808B-513D35A13691}.Debug|Any CPU.Deploy.0 = Debug|Any CPU
		{CC7C5281-275C-4B22-808B-513D35A13691}.Debug|iPhone.ActiveCfg = Debug|Any CPU
		{CC7C5281-275C-4B22-808B-513D35A13691}.Debug|iPhone.Build.0 = Debug|Any CPU
		{CC7C5281-275C-4B22-808B-513D35A13691}.Debug|iPhone.Deploy.0 = Debug|Any CPU
		{CC7C5281-275C-4B22-808B-513D35A13691}.Debug|iPhoneSimulator.ActiveCfg = Debug|Any CPU
		{CC7C5281-275C-4B22-808B-513D35A13691}.Debug|iPhoneSimulator.Build.0 = Debug|Any CPU
		{CC7C5281-275C-4B22-808B-513D35A13691}.Debug|iPhoneSimulator.Deploy.0 = Debug|Any CPU
		{CC7C5281-275C-4B22-808B-513D35A13691}.Release|Any CPU.ActiveCfg = Release|Any CPU
		{CC7C5281-275C-4B22-808B-513D35A13691}.Release|Any CPU.Build.0 = Release|Any CPU
		{CC7C5281-275C-4B22-808B-513D35A13691}.Release|Any CPU.Deploy.0 = Release|Any CPU
		{CC7C5281-275C-4B22-808B-513D35A13691}.Release|iPhone.ActiveCfg = Release|Any CPU
		{CC7C5281-275C-4B22-808B-513D35A13691}.Release|iPhone.Build.0 = Release|Any CPU
		{CC7C5281-275C-4B22-808B-513D35A13691}.Release|iPhone.Deploy.0 = Release|Any CPU
		{CC7C5281-275C-4B22-808B-513D35A13691}.Release|iPhoneSimulator.ActiveCfg = Release|Any CPU
		{CC7C5281-275C-4B22-808B-513D35A13691}.Release|iPhoneSimulator.Build.0 = Release|Any CPU
		{CC7C5281-275C-4B22-808B-513D35A13691}.Release|iPhoneSimulator.Deploy.0 = Release|Any CPU
		{14075E67-D1BF-4FA5-AEB9-2A6D6D77ADE8}.Ad-Hoc|Any CPU.ActiveCfg = Ad-Hoc|iPhone
		{14075E67-D1BF-4FA5-AEB9-2A6D6D77ADE8}.Ad-Hoc|Any CPU.Build.0 = Ad-Hoc|iPhone
		{14075E67-D1BF-4FA5-AEB9-2A6D6D77ADE8}.Ad-Hoc|Any CPU.Deploy.0 = Ad-Hoc|iPhone
		{14075E67-D1BF-4FA5-AEB9-2A6D6D77ADE8}.Ad-Hoc|iPhone.ActiveCfg = Ad-Hoc|iPhone
		{14075E67-D1BF-4FA5-AEB9-2A6D6D77ADE8}.Ad-Hoc|iPhone.Build.0 = Ad-Hoc|iPhone
		{14075E67-D1BF-4FA5-AEB9-2A6D6D77ADE8}.Ad-Hoc|iPhone.Deploy.0 = Ad-Hoc|iPhone
		{14075E67-D1BF-4FA5-AEB9-2A6D6D77ADE8}.Ad-Hoc|iPhoneSimulator.ActiveCfg = Ad-Hoc|iPhoneSimulator
		{14075E67-D1BF-4FA5-AEB9-2A6D6D77ADE8}.Ad-Hoc|iPhoneSimulator.Build.0 = Ad-Hoc|iPhoneSimulator
		{14075E67-D1BF-4FA5-AEB9-2A6D6D77ADE8}.Ad-Hoc|iPhoneSimulator.Deploy.0 = Ad-Hoc|iPhoneSimulator
		{14075E67-D1BF-4FA5-AEB9-2A6D6D77ADE8}.AppStore|Any CPU.ActiveCfg = AppStore|iPhone
		{14075E67-D1BF-4FA5-AEB9-2A6D6D77ADE8}.AppStore|Any CPU.Build.0 = AppStore|iPhone
		{14075E67-D1BF-4FA5-AEB9-2A6D6D77ADE8}.AppStore|Any CPU.Deploy.0 = AppStore|iPhone
		{14075E67-D1BF-4FA5-AEB9-2A6D6D77ADE8}.AppStore|iPhone.ActiveCfg = AppStore|iPhone
		{14075E67-D1BF-4FA5-AEB9-2A6D6D77ADE8}.AppStore|iPhone.Build.0 = AppStore|iPhone
		{14075E67-D1BF-4FA5-AEB9-2A6D6D77ADE8}.AppStore|iPhone.Deploy.0 = AppStore|iPhone
		{14075E67-D1BF-4FA5-AEB9-2A6D6D77ADE8}.AppStore|iPhoneSimulator.ActiveCfg = AppStore|iPhoneSimulator
		{14075E67-D1BF-4FA5-AEB9-2A6D6D77ADE8}.AppStore|iPhoneSimulator.Build.0 = AppStore|iPhoneSimulator
		{14075E67-D1BF-4FA5-AEB9-2A6D6D77ADE8}.AppStore|iPhoneSimulator.Deploy.0 = AppStore|iPhoneSimulator
		{14075E67-D1BF-4FA5-AEB9-2A6D6D77ADE8}.Debug|Any CPU.ActiveCfg = Debug|iPhoneSimulator
		{14075E67-D1BF-4FA5-AEB9-2A6D6D77ADE8}.Debug|Any CPU.Build.0 = Debug|iPhoneSimulator
		{14075E67-D1BF-4FA5-AEB9-2A6D6D77ADE8}.Debug|Any CPU.Deploy.0 = Debug|iPhoneSimulator
		{14075E67-D1BF-4FA5-AEB9-2A6D6D77ADE8}.Debug|iPhone.ActiveCfg = Debug|iPhone
		{14075E67-D1BF-4FA5-AEB9-2A6D6D77ADE8}.Debug|iPhone.Build.0 = Debug|iPhone
		{14075E67-D1BF-4FA5-AEB9-2A6D6D77ADE8}.Debug|iPhone.Deploy.0 = Debug|iPhone
		{14075E67-D1BF-4FA5-AEB9-2A6D6D77ADE8}.Debug|iPhoneSimulator.ActiveCfg = Debug|iPhoneSimulator
		{14075E67-D1BF-4FA5-AEB9-2A6D6D77ADE8}.Debug|iPhoneSimulator.Build.0 = Debug|iPhoneSimulator
		{14075E67-D1BF-4FA5-AEB9-2A6D6D77ADE8}.Debug|iPhoneSimulator.Deploy.0 = Debug|iPhoneSimulator
		{14075E67-D1BF-4FA5-AEB9-2A6D6D77ADE8}.Release|Any CPU.ActiveCfg = Release|iPhone
		{14075E67-D1BF-4FA5-AEB9-2A6D6D77ADE8}.Release|Any CPU.Build.0 = Release|iPhone
		{14075E67-D1BF-4FA5-AEB9-2A6D6D77ADE8}.Release|Any CPU.Deploy.0 = Release|iPhone
		{14075E67-D1BF-4FA5-AEB9-2A6D6D77ADE8}.Release|iPhone.ActiveCfg = Release|iPhone
		{14075E67-D1BF-4FA5-AEB9-2A6D6D77ADE8}.Release|iPhone.Build.0 = Release|iPhone
		{14075E67-D1BF-4FA5-AEB9-2A6D6D77ADE8}.Release|iPhone.Deploy.0 = Release|iPhone
		{14075E67-D1BF-4FA5-AEB9-2A6D6D77ADE8}.Release|iPhoneSimulator.ActiveCfg = Release|iPhoneSimulator
		{14075E67-D1BF-4FA5-AEB9-2A6D6D77ADE8}.Release|iPhoneSimulator.Build.0 = Release|iPhoneSimulator
		{14075E67-D1BF-4FA5-AEB9-2A6D6D77ADE8}.Release|iPhoneSimulator.Deploy.0 = Release|iPhoneSimulator
		{F489DBA4-CA91-441D-A4DE-01A13B9AEA89}.Ad-Hoc|Any CPU.ActiveCfg = Debug|Any CPU
		{F489DBA4-CA91-441D-A4DE-01A13B9AEA89}.Ad-Hoc|Any CPU.Build.0 = Debug|Any CPU
		{F489DBA4-CA91-441D-A4DE-01A13B9AEA89}.Ad-Hoc|Any CPU.Deploy.0 = Debug|Any CPU
		{F489DBA4-CA91-441D-A4DE-01A13B9AEA89}.Ad-Hoc|iPhone.ActiveCfg = Debug|Any CPU
		{F489DBA4-CA91-441D-A4DE-01A13B9AEA89}.Ad-Hoc|iPhone.Build.0 = Debug|Any CPU
		{F489DBA4-CA91-441D-A4DE-01A13B9AEA89}.Ad-Hoc|iPhone.Deploy.0 = Debug|Any CPU
		{F489DBA4-CA91-441D-A4DE-01A13B9AEA89}.Ad-Hoc|iPhoneSimulator.ActiveCfg = Debug|Any CPU
		{F489DBA4-CA91-441D-A4DE-01A13B9AEA89}.Ad-Hoc|iPhoneSimulator.Build.0 = Debug|Any CPU
		{F489DBA4-CA91-441D-A4DE-01A13B9AEA89}.Ad-Hoc|iPhoneSimulator.Deploy.0 = Debug|Any CPU
		{F489DBA4-CA91-441D-A4DE-01A13B9AEA89}.AppStore|Any CPU.ActiveCfg = Debug|Any CPU
		{F489DBA4-CA91-441D-A4DE-01A13B9AEA89}.AppStore|Any CPU.Build.0 = Debug|Any CPU
		{F489DBA4-CA91-441D-A4DE-01A13B9AEA89}.AppStore|Any CPU.Deploy.0 = Debug|Any CPU
		{F489DBA4-CA91-441D-A4DE-01A13B9AEA89}.AppStore|iPhone.ActiveCfg = Debug|Any CPU
		{F489DBA4-CA91-441D-A4DE-01A13B9AEA89}.AppStore|iPhone.Build.0 = Debug|Any CPU
		{F489DBA4-CA91-441D-A4DE-01A13B9AEA89}.AppStore|iPhone.Deploy.0 = Debug|Any CPU
		{F489DBA4-CA91-441D-A4DE-01A13B9AEA89}.AppStore|iPhoneSimulator.ActiveCfg = Debug|Any CPU
		{F489DBA4-CA91-441D-A4DE-01A13B9AEA89}.AppStore|iPhoneSimulator.Build.0 = Debug|Any CPU
		{F489DBA4-CA91-441D-A4DE-01A13B9AEA89}.AppStore|iPhoneSimulator.Deploy.0 = Debug|Any CPU
		{F489DBA4-CA91-441D-A4DE-01A13B9AEA89}.Debug|Any CPU.ActiveCfg = Debug|Any CPU
		{F489DBA4-CA91-441D-A4DE-01A13B9AEA89}.Debug|Any CPU.Build.0 = Debug|Any CPU
		{F489DBA4-CA91-441D-A4DE-01A13B9AEA89}.Debug|Any CPU.Deploy.0 = Debug|Any CPU
		{F489DBA4-CA91-441D-A4DE-01A13B9AEA89}.Debug|iPhone.ActiveCfg = Debug|Any CPU
		{F489DBA4-CA91-441D-A4DE-01A13B9AEA89}.Debug|iPhone.Build.0 = Debug|Any CPU
		{F489DBA4-CA91-441D-A4DE-01A13B9AEA89}.Debug|iPhone.Deploy.0 = Debug|Any CPU
		{F489DBA4-CA91-441D-A4DE-01A13B9AEA89}.Debug|iPhoneSimulator.ActiveCfg = Debug|Any CPU
		{F489DBA4-CA91-441D-A4DE-01A13B9AEA89}.Debug|iPhoneSimulator.Build.0 = Debug|Any CPU
		{F489DBA4-CA91-441D-A4DE-01A13B9AEA89}.Debug|iPhoneSimulator.Deploy.0 = Debug|Any CPU
		{F489DBA4-CA91-441D-A4DE-01A13B9AEA89}.Release|Any CPU.ActiveCfg = Release|Any CPU
		{F489DBA4-CA91-441D-A4DE-01A13B9AEA89}.Release|Any CPU.Build.0 = Release|Any CPU
		{F489DBA4-CA91-441D-A4DE-01A13B9AEA89}.Release|Any CPU.Deploy.0 = Release|Any CPU
		{F489DBA4-CA91-441D-A4DE-01A13B9AEA89}.Release|iPhone.ActiveCfg = Release|Any CPU
		{F489DBA4-CA91-441D-A4DE-01A13B9AEA89}.Release|iPhone.Build.0 = Release|Any CPU
		{F489DBA4-CA91-441D-A4DE-01A13B9AEA89}.Release|iPhone.Deploy.0 = Release|Any CPU
		{F489DBA4-CA91-441D-A4DE-01A13B9AEA89}.Release|iPhoneSimulator.ActiveCfg = Release|Any CPU
		{F489DBA4-CA91-441D-A4DE-01A13B9AEA89}.Release|iPhoneSimulator.Build.0 = Release|Any CPU
		{F489DBA4-CA91-441D-A4DE-01A13B9AEA89}.Release|iPhoneSimulator.Deploy.0 = Release|Any CPU
	EndGlobalSection
	GlobalSection(SolutionProperties) = preSolution
		HideSolutionNode = FALSE
	EndGlobalSection
	GlobalSection(ExtensibilityGlobals) = postSolution
		SolutionGuid = {4B139D0D-2AE8-4FDC-97BA-703AC4FDB247}
	EndGlobalSection
EndGlobal
