
Microsoft Visual Studio Solution File, Format Version 12.00
# Visual Studio 15
VisualStudioVersion = 15.0.28307.539
MinimumVisualStudioVersion = 10.0.40219.1
Project("{FAE04EC0-301F-11D3-BF4B-00C04F79EFBC}") = "PopupsTutorial.Android", "PopupsTutorial\PopupsTutorial.Android\PopupsTutorial.Android.csproj", "{A8E2696B-6AE4-4E9A-8E3D-33BFCBEC46AB}"
EndProject
Project("{FAE04EC0-301F-11D3-BF4B-00C04F79EFBC}") = "PopupsTutorial.iOS", "PopupsTutorial\PopupsTutorial.iOS\PopupsTutorial.iOS.csproj", "{D570D853-E114-4030-98EE-A6AF53A81503}"
EndProject
Project("{FAE04EC0-301F-11D3-BF4B-00C04F79EFBC}") = "PopupsTutorial", "PopupsTutorial\PopupsTutorial\PopupsTutorial.csproj", "{F8AB3B30-2691-4AC4-89EE-BB7C02549DFB}"
EndProject
Global
	GlobalSection(SolutionConfigurationPlatforms) = preSolution
		Ad-Hoc|Any CPU = Ad-Hoc|Any CPU
		Ad-Hoc|iPhone = Ad-Hoc|iPhone
		Ad-Hoc|iPhoneSimulator = Ad-Hoc|iPhoneSimulator
		AppStore|Any CPU = AppStore|Any CPU
		AppStore|iPhone = AppStore|iPhone
		AppStore|iPhoneSimulator = AppStore|iPhoneSimulator
		Debug|Any CPU = Debug|Any CPU
		Debug|iPhone = Debug|iPhone
		Debug|iPhoneSimulator = Debug|iPhoneSimulator
		Release|Any CPU = Release|Any CPU
		Release|iPhone = Release|iPhone
		Release|iPhoneSimulator = Release|iPhoneSimulator
	EndGlobalSection
	GlobalSection(ProjectConfigurationPlatforms) = postSolution
		{A8E2696B-6AE4-4E9A-8E3D-33BFCBEC46AB}.Ad-Hoc|Any CPU.ActiveCfg = Release|Any CPU
		{A8E2696B-6AE4-4E9A-8E3D-33BFCBEC46AB}.Ad-Hoc|Any CPU.Build.0 = Release|Any CPU
		{A8E2696B-6AE4-4E9A-8E3D-33BFCBEC46AB}.Ad-Hoc|Any CPU.Deploy.0 = Release|Any CPU
		{A8E2696B-6AE4-4E9A-8E3D-33BFCBEC46AB}.Ad-Hoc|iPhone.ActiveCfg = Release|Any CPU
		{A8E2696B-6AE4-4E9A-8E3D-33BFCBEC46AB}.Ad-Hoc|iPhone.Build.0 = Release|Any CPU
		{A8E2696B-6AE4-4E9A-8E3D-33BFCBEC46AB}.Ad-Hoc|iPhone.Deploy.0 = Release|Any CPU
		{A8E2696B-6AE4-4E9A-8E3D-33BFCBEC46AB}.Ad-Hoc|iPhoneSimulator.ActiveCfg = Release|Any CPU
		{A8E2696B-6AE4-4E9A-8E3D-33BFCBEC46AB}.Ad-Hoc|iPhoneSimulator.Build.0 = Release|Any CPU
		{A8E2696B-6AE4-4E9A-8E3D-33BFCBEC46AB}.Ad-Hoc|iPhoneSimulator.Deploy.0 = Release|Any CPU
		{A8E2696B-6AE4-4E9A-8E3D-33BFCBEC46AB}.AppStore|Any CPU.ActiveCfg = Release|Any CPU
		{A8E2696B-6AE4-4E9A-8E3D-33BFCBEC46AB}.AppStore|Any CPU.Build.0 = Release|Any CPU
		{A8E2696B-6AE4-4E9A-8E3D-33BFCBEC46AB}.AppStore|Any CPU.Deploy.0 = Release|Any CPU
		{A8E2696B-6AE4-4E9A-8E3D-33BFCBEC46AB}.AppStore|iPhone.ActiveCfg = Release|Any CPU
		{A8E2696B-6AE4-4E9A-8E3D-33BFCBEC46AB}.AppStore|iPhone.Build.0 = Release|Any CPU
		{A8E2696B-6AE4-4E9A-8E3D-33BFCBEC46AB}.AppStore|iPhone.Deploy.0 = Release|Any CPU
		{A8E2696B-6AE4-4E9A-8E3D-33BFCBEC46AB}.AppStore|iPhoneSimulator.ActiveCfg = Release|Any CPU
		{A8E2696B-6AE4-4E9A-8E3D-33BFCBEC46AB}.AppStore|iPhoneSimulator.Build.0 = Release|Any CPU
		{A8E2696B-6AE4-4E9A-8E3D-33BFCBEC46AB}.AppStore|iPhoneSimulator.Deploy.0 = Release|Any CPU
		{A8E2696B-6AE4-4E9A-8E3D-33BFCBEC46AB}.Debug|Any CPU.ActiveCfg = Debug|Any CPU
		{A8E2696B-6AE4-4E9A-8E3D-33BFCBEC46AB}.Debug|Any CPU.Build.0 = Debug|Any CPU
		{A8E2696B-6AE4-4E9A-8E3D-33BFCBEC46AB}.Debug|Any CPU.Deploy.0 = Debug|Any CPU
		{A8E2696B-6AE4-4E9A-8E3D-33BFCBEC46AB}.Debug|iPhone.ActiveCfg = Debug|Any CPU
		{A8E2696B-6AE4-4E9A-8E3D-33BFCBEC46AB}.Debug|iPhone.Build.0 = Debug|Any CPU
		{A8E2696B-6AE4-4E9A-8E3D-33BFCBEC46AB}.Debug|iPhone.Deploy.0 = Debug|Any CPU
		{A8E2696B-6AE4-4E9A-8E3D-33BFCBEC46AB}.Debug|iPhoneSimulator.ActiveCfg = Debug|Any CPU
		{A8E2696B-6AE4-4E9A-8E3D-33BFCBEC46AB}.Debug|iPhoneSimulator.Build.0 = Debug|Any CPU
		{A8E2696B-6AE4-4E9A-8E3D-33BFCBEC46AB}.Debug|iPhoneSimulator.Deploy.0 = Debug|Any CPU
		{A8E2696B-6AE4-4E9A-8E3D-33BFCBEC46AB}.Release|Any CPU.ActiveCfg = Release|Any CPU
		{A8E2696B-6AE4-4E9A-8E3D-33BFCBEC46AB}.Release|Any CPU.Build.0 = Release|Any CPU
		{A8E2696B-6AE4-4E9A-8E3D-33BFCBEC46AB}.Release|Any CPU.Deploy.0 = Release|Any CPU
		{A8E2696B-6AE4-4E9A-8E3D-33BFCBEC46AB}.Release|iPhone.ActiveCfg = Release|Any CPU
		{A8E2696B-6AE4-4E9A-8E3D-33BFCBEC46AB}.Release|iPhone.Build.0 = Release|Any CPU
		{A8E2696B-6AE4-4E9A-8E3D-33BFCBEC46AB}.Release|iPhone.Deploy.0 = Release|Any CPU
		{A8E2696B-6AE4-4E9A-8E3D-33BFCBEC46AB}.Release|iPhoneSimulator.ActiveCfg = Release|Any CPU
		{A8E2696B-6AE4-4E9A-8E3D-33BFCBEC46AB}.Release|iPhoneSimulator.Build.0 = Release|Any CPU
		{A8E2696B-6AE4-4E9A-8E3D-33BFCBEC46AB}.Release|iPhoneSimulator.Deploy.0 = Release|Any CPU
		{D570D853-E114-4030-98EE-A6AF53A81503}.Ad-Hoc|Any CPU.ActiveCfg = Ad-Hoc|iPhone
		{D570D853-E114-4030-98EE-A6AF53A81503}.Ad-Hoc|Any CPU.Build.0 = Ad-Hoc|iPhone
		{D570D853-E114-4030-98EE-A6AF53A81503}.Ad-Hoc|Any CPU.Deploy.0 = Ad-Hoc|iPhone
		{D570D853-E114-4030-98EE-A6AF53A81503}.Ad-Hoc|iPhone.ActiveCfg = Ad-Hoc|iPhone
		{D570D853-E114-4030-98EE-A6AF53A81503}.Ad-Hoc|iPhone.Build.0 = Ad-Hoc|iPhone
		{D570D853-E114-4030-98EE-A6AF53A81503}.Ad-Hoc|iPhone.Deploy.0 = Ad-Hoc|iPhone
		{D570D853-E114-4030-98EE-A6AF53A81503}.Ad-Hoc|iPhoneSimulator.ActiveCfg = Ad-Hoc|iPhoneSimulator
		{D570D853-E114-4030-98EE-A6AF53A81503}.Ad-Hoc|iPhoneSimulator.Build.0 = Ad-Hoc|iPhoneSimulator
		{D570D853-E114-4030-98EE-A6AF53A81503}.Ad-Hoc|iPhoneSimulator.Deploy.0 = Ad-Hoc|iPhoneSimulator
		{D570D853-E114-4030-98EE-A6AF53A81503}.AppStore|Any CPU.ActiveCfg = AppStore|iPhone
		{D570D853-E114-4030-98EE-A6AF53A81503}.AppStore|Any CPU.Build.0 = AppStore|iPhone
		{D570D853-E114-4030-98EE-A6AF53A81503}.AppStore|Any CPU.Deploy.0 = AppStore|iPhone
		{D570D853-E114-4030-98EE-A6AF53A81503}.AppStore|iPhone.ActiveCfg = AppStore|iPhone
		{D570D853-E114-4030-98EE-A6AF53A81503}.AppStore|iPhone.Build.0 = AppStore|iPhone
		{D570D853-E114-4030-98EE-A6AF53A81503}.AppStore|iPhone.Deploy.0 = AppStore|iPhone
		{D570D853-E114-4030-98EE-A6AF53A81503}.AppStore|iPhoneSimulator.ActiveCfg = AppStore|iPhoneSimulator
		{D570D853-E114-4030-98EE-A6AF53A81503}.AppStore|iPhoneSimulator.Build.0 = AppStore|iPhoneSimulator
		{D570D853-E114-4030-98EE-A6AF53A81503}.AppStore|iPhoneSimulator.Deploy.0 = AppStore|iPhoneSimulator
		{D570D853-E114-4030-98EE-A6AF53A81503}.Debug|Any CPU.ActiveCfg = Debug|iPhoneSimulator
		{D570D853-E114-4030-98EE-A6AF53A81503}.Debug|Any CPU.Build.0 = Debug|iPhoneSimulator
		{D570D853-E114-4030-98EE-A6AF53A81503}.Debug|Any CPU.Deploy.0 = Debug|iPhoneSimulator
		{D570D853-E114-4030-98EE-A6AF53A81503}.Debug|iPhone.ActiveCfg = Debug|iPhone
		{D570D853-E114-4030-98EE-A6AF53A81503}.Debug|iPhone.Build.0 = Debug|iPhone
		{D570D853-E114-4030-98EE-A6AF53A81503}.Debug|iPhone.Deploy.0 = Debug|iPhone
		{D570D853-E114-4030-98EE-A6AF53A81503}.Debug|iPhoneSimulator.ActiveCfg = Debug|iPhoneSimulator
		{D570D853-E114-4030-98EE-A6AF53A81503}.Debug|iPhoneSimulator.Build.0 = Debug|iPhoneSimulator
		{D570D853-E114-4030-98EE-A6AF53A81503}.Debug|iPhoneSimulator.Deploy.0 = Debug|iPhoneSimulator
		{D570D853-E114-4030-98EE-A6AF53A81503}.Release|Any CPU.ActiveCfg = Release|iPhone
		{D570D853-E114-4030-98EE-A6AF53A81503}.Release|Any CPU.Build.0 = Release|iPhone
		{D570D853-E114-4030-98EE-A6AF53A81503}.Release|Any CPU.Deploy.0 = Release|iPhone
		{D570D853-E114-4030-98EE-A6AF53A81503}.Release|iPhone.ActiveCfg = Release|iPhone
		{D570D853-E114-4030-98EE-A6AF53A81503}.Release|iPhone.Build.0 = Release|iPhone
		{D570D853-E114-4030-98EE-A6AF53A81503}.Release|iPhone.Deploy.0 = Release|iPhone
		{D570D853-E114-4030-98EE-A6AF53A81503}.Release|iPhoneSimulator.ActiveCfg = Release|iPhoneSimulator
		{D570D853-E114-4030-98EE-A6AF53A81503}.Release|iPhoneSimulator.Build.0 = Release|iPhoneSimulator
		{D570D853-E114-4030-98EE-A6AF53A81503}.Release|iPhoneSimulator.Deploy.0 = Release|iPhoneSimulator
		{F8AB3B30-2691-4AC4-89EE-BB7C02549DFB}.Ad-Hoc|Any CPU.ActiveCfg = Debug|Any CPU
		{F8AB3B30-2691-4AC4-89EE-BB7C02549DFB}.Ad-Hoc|Any CPU.Build.0 = Debug|Any CPU
		{F8AB3B30-2691-4AC4-89EE-BB7C02549DFB}.Ad-Hoc|Any CPU.Deploy.0 = Debug|Any CPU
		{F8AB3B30-2691-4AC4-89EE-BB7C02549DFB}.Ad-Hoc|iPhone.ActiveCfg = Debug|Any CPU
		{F8AB3B30-2691-4AC4-89EE-BB7C02549DFB}.Ad-Hoc|iPhone.Build.0 = Debug|Any CPU
		{F8AB3B30-2691-4AC4-89EE-BB7C02549DFB}.Ad-Hoc|iPhone.Deploy.0 = Debug|Any CPU
		{F8AB3B30-2691-4AC4-89EE-BB7C02549DFB}.Ad-Hoc|iPhoneSimulator.ActiveCfg = Debug|Any CPU
		{F8AB3B30-2691-4AC4-89EE-BB7C02549DFB}.Ad-Hoc|iPhoneSimulator.Build.0 = Debug|Any CPU
		{F8AB3B30-2691-4AC4-89EE-BB7C02549DFB}.Ad-Hoc|iPhoneSimulator.Deploy.0 = Debug|Any CPU
		{F8AB3B30-2691-4AC4-89EE-BB7C02549DFB}.AppStore|Any CPU.ActiveCfg = Debug|Any CPU
		{F8AB3B30-2691-4AC4-89EE-BB7C02549DFB}.AppStore|Any CPU.Build.0 = Debug|Any CPU
		{F8AB3B30-2691-4AC4-89EE-BB7C02549DFB}.AppStore|Any CPU.Deploy.0 = Debug|Any CPU
		{F8AB3B30-2691-4AC4-89EE-BB7C02549DFB}.AppStore|iPhone.ActiveCfg = Debug|Any CPU
		{F8AB3B30-2691-4AC4-89EE-BB7C02549DFB}.AppStore|iPhone.Build.0 = Debug|Any CPU
		{F8AB3B30-2691-4AC4-89EE-BB7C02549DFB}.AppStore|iPhone.Deploy.0 = Debug|Any CPU
		{F8AB3B30-2691-4AC4-89EE-BB7C02549DFB}.AppStore|iPhoneSimulator.ActiveCfg = Debug|Any CPU
		{F8AB3B30-2691-4AC4-89EE-BB7C02549DFB}.AppStore|iPhoneSimulator.Build.0 = Debug|Any CPU
		{F8AB3B30-2691-4AC4-89EE-BB7C02549DFB}.AppStore|iPhoneSimulator.Deploy.0 = Debug|Any CPU
		{F8AB3B30-2691-4AC4-89EE-BB7C02549DFB}.Debug|Any CPU.ActiveCfg = Debug|Any CPU
		{F8AB3B30-2691-4AC4-89EE-BB7C02549DFB}.Debug|Any CPU.Build.0 = Debug|Any CPU
		{F8AB3B30-2691-4AC4-89EE-BB7C02549DFB}.Debug|Any CPU.Deploy.0 = Debug|Any CPU
		{F8AB3B30-2691-4AC4-89EE-BB7C02549DFB}.Debug|iPhone.ActiveCfg = Debug|Any CPU
		{F8AB3B30-2691-4AC4-89EE-BB7C02549DFB}.Debug|iPhone.Build.0 = Debug|Any CPU
		{F8AB3B30-2691-4AC4-89EE-BB7C02549DFB}.Debug|iPhone.Deploy.0 = Debug|Any CPU
		{F8AB3B30-2691-4AC4-89EE-BB7C02549DFB}.Debug|iPhoneSimulator.ActiveCfg = Debug|Any CPU
		{F8AB3B30-2691-4AC4-89EE-BB7C02549DFB}.Debug|iPhoneSimulator.Build.0 = Debug|Any CPU
		{F8AB3B30-2691-4AC4-89EE-BB7C02549DFB}.Debug|iPhoneSimulator.Deploy.0 = Debug|Any CPU
		{F8AB3B30-2691-4AC4-89EE-BB7C02549DFB}.Release|Any CPU.ActiveCfg = Release|Any CPU
		{F8AB3B30-2691-4AC4-89EE-BB7C02549DFB}.Release|Any CPU.Build.0 = Release|Any CPU
		{F8AB3B30-2691-4AC4-89EE-BB7C02549DFB}.Release|Any CPU.Deploy.0 = Release|Any CPU
		{F8AB3B30-2691-4AC4-89EE-BB7C02549DFB}.Release|iPhone.ActiveCfg = Release|Any CPU
		{F8AB3B30-2691-4AC4-89EE-BB7C02549DFB}.Release|iPhone.Build.0 = Release|Any CPU
		{F8AB3B30-2691-4AC4-89EE-BB7C02549DFB}.Release|iPhone.Deploy.0 = Release|Any CPU
		{F8AB3B30-2691-4AC4-89EE-BB7C02549DFB}.Release|iPhoneSimulator.ActiveCfg = Release|Any CPU
		{F8AB3B30-2691-4AC4-89EE-BB7C02549DFB}.Release|iPhoneSimulator.Build.0 = Release|Any CPU
		{F8AB3B30-2691-4AC4-89EE-BB7C02549DFB}.Release|iPhoneSimulator.Deploy.0 = Release|Any CPU
	EndGlobalSection
	GlobalSection(SolutionProperties) = preSolution
		HideSolutionNode = FALSE
	EndGlobalSection
	GlobalSection(ExtensibilityGlobals) = postSolution
		SolutionGuid = {7CD8AB41-F3B6-4B27-90E3-B7C458B4B8B0}
	EndGlobalSection
EndGlobal
