
Microsoft Visual Studio Solution File, Format Version 12.00
# Visual Studio 15
VisualStudioVersion = 15.0.28307.539
MinimumVisualStudioVersion = 10.0.40219.1
Project("{FAE04EC0-301F-11D3-BF4B-00C04F79EFBC}") = "StackLayoutTutorial.Android", "StackLayoutTutorial\StackLayoutTutorial.Android\StackLayoutTutorial.Android.csproj", "{8E2EEE7F-A2FD-4D64-89D6-1DE4013A4119}"
EndProject
Project("{FAE04EC0-301F-11D3-BF4B-00C04F79EFBC}") = "StackLayoutTutorial.iOS", "StackLayoutTutorial\StackLayoutTutorial.iOS\StackLayoutTutorial.iOS.csproj", "{DAA731F0-CEBD-46BB-BC33-4F8FCC8FE5E6}"
EndProject
Project("{FAE04EC0-301F-11D3-BF4B-00C04F79EFBC}") = "StackLayoutTutorial", "StackLayoutTutorial\StackLayoutTutorial\StackLayoutTutorial.csproj", "{83BB59B8-C5C0-4217-AA43-B14DC24A08D3}"
EndProject
Global
	GlobalSection(SolutionConfigurationPlatforms) = preSolution
		Ad-Hoc|Any CPU = Ad-Hoc|Any CPU
		Ad-Hoc|iPhone = Ad-Hoc|iPhone
		Ad-Hoc|iPhoneSimulator = Ad-Hoc|iPhoneSimulator
		AppStore|Any CPU = AppStore|Any CPU
		AppStore|iPhone = AppStore|iPhone
		AppStore|iPhoneSimulator = AppStore|iPhoneSimulator
		Debug|Any CPU = Debug|Any CPU
		Debug|iPhone = Debug|iPhone
		Debug|iPhoneSimulator = Debug|iPhoneSimulator
		Release|Any CPU = Release|Any CPU
		Release|iPhone = Release|iPhone
		Release|iPhoneSimulator = Release|iPhoneSimulator
	EndGlobalSection
	GlobalSection(ProjectConfigurationPlatforms) = postSolution
		{8E2EEE7F-A2FD-4D64-89D6-1DE4013A4119}.Ad-Hoc|Any CPU.ActiveCfg = Release|Any CPU
		{8E2EEE7F-A2FD-4D64-89D6-1DE4013A4119}.Ad-Hoc|Any CPU.Build.0 = Release|Any CPU
		{8E2EEE7F-A2FD-4D64-89D6-1DE4013A4119}.Ad-Hoc|Any CPU.Deploy.0 = Release|Any CPU
		{8E2EEE7F-A2FD-4D64-89D6-1DE4013A4119}.Ad-Hoc|iPhone.ActiveCfg = Release|Any CPU
		{8E2EEE7F-A2FD-4D64-89D6-1DE4013A4119}.Ad-Hoc|iPhone.Build.0 = Release|Any CPU
		{8E2EEE7F-A2FD-4D64-89D6-1DE4013A4119}.Ad-Hoc|iPhone.Deploy.0 = Release|Any CPU
		{8E2EEE7F-A2FD-4D64-89D6-1DE4013A4119}.Ad-Hoc|iPhoneSimulator.ActiveCfg = Release|Any CPU
		{8E2EEE7F-A2FD-4D64-89D6-1DE4013A4119}.Ad-Hoc|iPhoneSimulator.Build.0 = Release|Any CPU
		{8E2EEE7F-A2FD-4D64-89D6-1DE4013A4119}.Ad-Hoc|iPhoneSimulator.Deploy.0 = Release|Any CPU
		{8E2EEE7F-A2FD-4D64-89D6-1DE4013A4119}.AppStore|Any CPU.ActiveCfg = Release|Any CPU
		{8E2EEE7F-A2FD-4D64-89D6-1DE4013A4119}.AppStore|Any CPU.Build.0 = Release|Any CPU
		{8E2EEE7F-A2FD-4D64-89D6-1DE4013A4119}.AppStore|Any CPU.Deploy.0 = Release|Any CPU
		{8E2EEE7F-A2FD-4D64-89D6-1DE4013A4119}.AppStore|iPhone.ActiveCfg = Release|Any CPU
		{8E2EEE7F-A2FD-4D64-89D6-1DE4013A4119}.AppStore|iPhone.Build.0 = Release|Any CPU
		{8E2EEE7F-A2FD-4D64-89D6-1DE4013A4119}.AppStore|iPhone.Deploy.0 = Release|Any CPU
		{8E2EEE7F-A2FD-4D64-89D6-1DE4013A4119}.AppStore|iPhoneSimulator.ActiveCfg = Release|Any CPU
		{8E2EEE7F-A2FD-4D64-89D6-1DE4013A4119}.AppStore|iPhoneSimulator.Build.0 = Release|Any CPU
		{8E2EEE7F-A2FD-4D64-89D6-1DE4013A4119}.AppStore|iPhoneSimulator.Deploy.0 = Release|Any CPU
		{8E2EEE7F-A2FD-4D64-89D6-1DE4013A4119}.Debug|Any CPU.ActiveCfg = Debug|Any CPU
		{8E2EEE7F-A2FD-4D64-89D6-1DE4013A4119}.Debug|Any CPU.Build.0 = Debug|Any CPU
		{8E2EEE7F-A2FD-4D64-89D6-1DE4013A4119}.Debug|Any CPU.Deploy.0 = Debug|Any CPU
		{8E2EEE7F-A2FD-4D64-89D6-1DE4013A4119}.Debug|iPhone.ActiveCfg = Debug|Any CPU
		{8E2EEE7F-A2FD-4D64-89D6-1DE4013A4119}.Debug|iPhone.Build.0 = Debug|Any CPU
		{8E2EEE7F-A2FD-4D64-89D6-1DE4013A4119}.Debug|iPhone.Deploy.0 = Debug|Any CPU
		{8E2EEE7F-A2FD-4D64-89D6-1DE4013A4119}.Debug|iPhoneSimulator.ActiveCfg = Debug|Any CPU
		{8E2EEE7F-A2FD-4D64-89D6-1DE4013A4119}.Debug|iPhoneSimulator.Build.0 = Debug|Any CPU
		{8E2EEE7F-A2FD-4D64-89D6-1DE4013A4119}.Debug|iPhoneSimulator.Deploy.0 = Debug|Any CPU
		{8E2EEE7F-A2FD-4D64-89D6-1DE4013A4119}.Release|Any CPU.ActiveCfg = Release|Any CPU
		{8E2EEE7F-A2FD-4D64-89D6-1DE4013A4119}.Release|Any CPU.Build.0 = Release|Any CPU
		{8E2EEE7F-A2FD-4D64-89D6-1DE4013A4119}.Release|Any CPU.Deploy.0 = Release|Any CPU
		{8E2EEE7F-A2FD-4D64-89D6-1DE4013A4119}.Release|iPhone.ActiveCfg = Release|Any CPU
		{8E2EEE7F-A2FD-4D64-89D6-1DE4013A4119}.Release|iPhone.Build.0 = Release|Any CPU
		{8E2EEE7F-A2FD-4D64-89D6-1DE4013A4119}.Release|iPhone.Deploy.0 = Release|Any CPU
		{8E2EEE7F-A2FD-4D64-89D6-1DE4013A4119}.Release|iPhoneSimulator.ActiveCfg = Release|Any CPU
		{8E2EEE7F-A2FD-4D64-89D6-1DE4013A4119}.Release|iPhoneSimulator.Build.0 = Release|Any CPU
		{8E2EEE7F-A2FD-4D64-89D6-1DE4013A4119}.Release|iPhoneSimulator.Deploy.0 = Release|Any CPU
		{DAA731F0-CEBD-46BB-BC33-4F8FCC8FE5E6}.Ad-Hoc|Any CPU.ActiveCfg = Ad-Hoc|iPhone
		{DAA731F0-CEBD-46BB-BC33-4F8FCC8FE5E6}.Ad-Hoc|Any CPU.Build.0 = Ad-Hoc|iPhone
		{DAA731F0-CEBD-46BB-BC33-4F8FCC8FE5E6}.Ad-Hoc|Any CPU.Deploy.0 = Ad-Hoc|iPhone
		{DAA731F0-CEBD-46BB-BC33-4F8FCC8FE5E6}.Ad-Hoc|iPhone.ActiveCfg = Ad-Hoc|iPhone
		{DAA731F0-CEBD-46BB-BC33-4F8FCC8FE5E6}.Ad-Hoc|iPhone.Build.0 = Ad-Hoc|iPhone
		{DAA731F0-CEBD-46BB-BC33-4F8FCC8FE5E6}.Ad-Hoc|iPhone.Deploy.0 = Ad-Hoc|iPhone
		{DAA731F0-CEBD-46BB-BC33-4F8FCC8FE5E6}.Ad-Hoc|iPhoneSimulator.ActiveCfg = Ad-Hoc|iPhoneSimulator
		{DAA731F0-CEBD-46BB-BC33-4F8FCC8FE5E6}.Ad-Hoc|iPhoneSimulator.Build.0 = Ad-Hoc|iPhoneSimulator
		{DAA731F0-CEBD-46BB-BC33-4F8FCC8FE5E6}.Ad-Hoc|iPhoneSimulator.Deploy.0 = Ad-Hoc|iPhoneSimulator
		{DAA731F0-CEBD-46BB-BC33-4F8FCC8FE5E6}.AppStore|Any CPU.ActiveCfg = AppStore|iPhone
		{DAA731F0-CEBD-46BB-BC33-4F8FCC8FE5E6}.AppStore|Any CPU.Build.0 = AppStore|iPhone
		{DAA731F0-CEBD-46BB-BC33-4F8FCC8FE5E6}.AppStore|Any CPU.Deploy.0 = AppStore|iPhone
		{DAA731F0-CEBD-46BB-BC33-4F8FCC8FE5E6}.AppStore|iPhone.ActiveCfg = AppStore|iPhone
		{DAA731F0-CEBD-46BB-BC33-4F8FCC8FE5E6}.AppStore|iPhone.Build.0 = AppStore|iPhone
		{DAA731F0-CEBD-46BB-BC33-4F8FCC8FE5E6}.AppStore|iPhone.Deploy.0 = AppStore|iPhone
		{DAA731F0-CEBD-46BB-BC33-4F8FCC8FE5E6}.AppStore|iPhoneSimulator.ActiveCfg = AppStore|iPhoneSimulator
		{DAA731F0-CEBD-46BB-BC33-4F8FCC8FE5E6}.AppStore|iPhoneSimulator.Build.0 = AppStore|iPhoneSimulator
		{DAA731F0-CEBD-46BB-BC33-4F8FCC8FE5E6}.AppStore|iPhoneSimulator.Deploy.0 = AppStore|iPhoneSimulator
		{DAA731F0-CEBD-46BB-BC33-4F8FCC8FE5E6}.Debug|Any CPU.ActiveCfg = Debug|iPhoneSimulator
		{DAA731F0-CEBD-46BB-BC33-4F8FCC8FE5E6}.Debug|Any CPU.Build.0 = Debug|iPhoneSimulator
		{DAA731F0-CEBD-46BB-BC33-4F8FCC8FE5E6}.Debug|Any CPU.Deploy.0 = Debug|iPhoneSimulator
		{DAA731F0-CEBD-46BB-BC33-4F8FCC8FE5E6}.Debug|iPhone.ActiveCfg = Debug|iPhone
		{DAA731F0-CEBD-46BB-BC33-4F8FCC8FE5E6}.Debug|iPhone.Build.0 = Debug|iPhone
		{DAA731F0-CEBD-46BB-BC33-4F8FCC8FE5E6}.Debug|iPhone.Deploy.0 = Debug|iPhone
		{DAA731F0-CEBD-46BB-BC33-4F8FCC8FE5E6}.Debug|iPhoneSimulator.ActiveCfg = Debug|iPhoneSimulator
		{DAA731F0-CEBD-46BB-BC33-4F8FCC8FE5E6}.Debug|iPhoneSimulator.Build.0 = Debug|iPhoneSimulator
		{DAA731F0-CEBD-46BB-BC33-4F8FCC8FE5E6}.Debug|iPhoneSimulator.Deploy.0 = Debug|iPhoneSimulator
		{DAA731F0-CEBD-46BB-BC33-4F8FCC8FE5E6}.Release|Any CPU.ActiveCfg = Release|iPhone
		{DAA731F0-CEBD-46BB-BC33-4F8FCC8FE5E6}.Release|Any CPU.Build.0 = Release|iPhone
		{DAA731F0-CEBD-46BB-BC33-4F8FCC8FE5E6}.Release|Any CPU.Deploy.0 = Release|iPhone
		{DAA731F0-CEBD-46BB-BC33-4F8FCC8FE5E6}.Release|iPhone.ActiveCfg = Release|iPhone
		{DAA731F0-CEBD-46BB-BC33-4F8FCC8FE5E6}.Release|iPhone.Build.0 = Release|iPhone
		{DAA731F0-CEBD-46BB-BC33-4F8FCC8FE5E6}.Release|iPhone.Deploy.0 = Release|iPhone
		{DAA731F0-CEBD-46BB-BC33-4F8FCC8FE5E6}.Release|iPhoneSimulator.ActiveCfg = Release|iPhoneSimulator
		{DAA731F0-CEBD-46BB-BC33-4F8FCC8FE5E6}.Release|iPhoneSimulator.Build.0 = Release|iPhoneSimulator
		{DAA731F0-CEBD-46BB-BC33-4F8FCC8FE5E6}.Release|iPhoneSimulator.Deploy.0 = Release|iPhoneSimulator
		{83BB59B8-C5C0-4217-AA43-B14DC24A08D3}.Ad-Hoc|Any CPU.ActiveCfg = Debug|Any CPU
		{83BB59B8-C5C0-4217-AA43-B14DC24A08D3}.Ad-Hoc|Any CPU.Build.0 = Debug|Any CPU
		{83BB59B8-C5C0-4217-AA43-B14DC24A08D3}.Ad-Hoc|Any CPU.Deploy.0 = Debug|Any CPU
		{83BB59B8-C5C0-4217-AA43-B14DC24A08D3}.Ad-Hoc|iPhone.ActiveCfg = Debug|Any CPU
		{83BB59B8-C5C0-4217-AA43-B14DC24A08D3}.Ad-Hoc|iPhone.Build.0 = Debug|Any CPU
		{83BB59B8-C5C0-4217-AA43-B14DC24A08D3}.Ad-Hoc|iPhone.Deploy.0 = Debug|Any CPU
		{83BB59B8-C5C0-4217-AA43-B14DC24A08D3}.Ad-Hoc|iPhoneSimulator.ActiveCfg = Debug|Any CPU
		{83BB59B8-C5C0-4217-AA43-B14DC24A08D3}.Ad-Hoc|iPhoneSimulator.Build.0 = Debug|Any CPU
		{83BB59B8-C5C0-4217-AA43-B14DC24A08D3}.Ad-Hoc|iPhoneSimulator.Deploy.0 = Debug|Any CPU
		{83BB59B8-C5C0-4217-AA43-B14DC24A08D3}.AppStore|Any CPU.ActiveCfg = Debug|Any CPU
		{83BB59B8-C5C0-4217-AA43-B14DC24A08D3}.AppStore|Any CPU.Build.0 = Debug|Any CPU
		{83BB59B8-C5C0-4217-AA43-B14DC24A08D3}.AppStore|Any CPU.Deploy.0 = Debug|Any CPU
		{83BB59B8-C5C0-4217-AA43-B14DC24A08D3}.AppStore|iPhone.ActiveCfg = Debug|Any CPU
		{83BB59B8-C5C0-4217-AA43-B14DC24A08D3}.AppStore|iPhone.Build.0 = Debug|Any CPU
		{83BB59B8-C5C0-4217-AA43-B14DC24A08D3}.AppStore|iPhone.Deploy.0 = Debug|Any CPU
		{83BB59B8-C5C0-4217-AA43-B14DC24A08D3}.AppStore|iPhoneSimulator.ActiveCfg = Debug|Any CPU
		{83BB59B8-C5C0-4217-AA43-B14DC24A08D3}.AppStore|iPhoneSimulator.Build.0 = Debug|Any CPU
		{83BB59B8-C5C0-4217-AA43-B14DC24A08D3}.AppStore|iPhoneSimulator.Deploy.0 = Debug|Any CPU
		{83BB59B8-C5C0-4217-AA43-B14DC24A08D3}.Debug|Any CPU.ActiveCfg = Debug|Any CPU
		{83BB59B8-C5C0-4217-AA43-B14DC24A08D3}.Debug|Any CPU.Build.0 = Debug|Any CPU
		{83BB59B8-C5C0-4217-AA43-B14DC24A08D3}.Debug|Any CPU.Deploy.0 = Debug|Any CPU
		{83BB59B8-C5C0-4217-AA43-B14DC24A08D3}.Debug|iPhone.ActiveCfg = Debug|Any CPU
		{83BB59B8-C5C0-4217-AA43-B14DC24A08D3}.Debug|iPhone.Build.0 = Debug|Any CPU
		{83BB59B8-C5C0-4217-AA43-B14DC24A08D3}.Debug|iPhone.Deploy.0 = Debug|Any CPU
		{83BB59B8-C5C0-4217-AA43-B14DC24A08D3}.Debug|iPhoneSimulator.ActiveCfg = Debug|Any CPU
		{83BB59B8-C5C0-4217-AA43-B14DC24A08D3}.Debug|iPhoneSimulator.Build.0 = Debug|Any CPU
		{83BB59B8-C5C0-4217-AA43-B14DC24A08D3}.Debug|iPhoneSimulator.Deploy.0 = Debug|Any CPU
		{83BB59B8-C5C0-4217-AA43-B14DC24A08D3}.Release|Any CPU.ActiveCfg = Release|Any CPU
		{83BB59B8-C5C0-4217-AA43-B14DC24A08D3}.Release|Any CPU.Build.0 = Release|Any CPU
		{83BB59B8-C5C0-4217-AA43-B14DC24A08D3}.Release|Any CPU.Deploy.0 = Release|Any CPU
		{83BB59B8-C5C0-4217-AA43-B14DC24A08D3}.Release|iPhone.ActiveCfg = Release|Any CPU
		{83BB59B8-C5C0-4217-AA43-B14DC24A08D3}.Release|iPhone.Build.0 = Release|Any CPU
		{83BB59B8-C5C0-4217-AA43-B14DC24A08D3}.Release|iPhone.Deploy.0 = Release|Any CPU
		{83BB59B8-C5C0-4217-AA43-B14DC24A08D3}.Release|iPhoneSimulator.ActiveCfg = Release|Any CPU
		{83BB59B8-C5C0-4217-AA43-B14DC24A08D3}.Release|iPhoneSimulator.Build.0 = Release|Any CPU
		{83BB59B8-C5C0-4217-AA43-B14DC24A08D3}.Release|iPhoneSimulator.Deploy.0 = Release|Any CPU
	EndGlobalSection
	GlobalSection(SolutionProperties) = preSolution
		HideSolutionNode = FALSE
	EndGlobalSection
	GlobalSection(ExtensibilityGlobals) = postSolution
		SolutionGuid = {1C264473-7511-4A3C-905F-243D85367E5C}
	EndGlobalSection
EndGlobal
